Microsoft Visual Studio Solution File, Format Version 12.00
# Visual Studio Version 17
VisualStudioVersion = 17.5.2.0
MinimumVisualStudioVersion = 10.0.40219.1
Project("{FAE04EC0-301F-11D3-BF4B-00C04F79EFBC}") = "PlcAlarmNotifier", "PlcAlarmNotifier\PlcAlarmNotifier.csproj", "{D09768F6-3862-0A5B-8BB9-DE41EC1B8653}"
EndProject
Global
	GlobalSection(SolutionConfigurationPlatforms) = preSolution
		Debug|Any CPU = Debug|Any CPU
		Release|Any CPU = Release|Any CPU
	EndGlobalSection
	GlobalSection(ProjectConfigurationPlatforms) = postSolution
		{D09768F6-3862-0A5B-8BB9-DE41EC1B8653}.Debug|Any CPU.ActiveCfg = Debug|Any CPU
		{D09768F6-3862-0A5B-8BB9-DE41EC1B8653}.Debug|Any CPU.Build.0 = Debug|Any CPU
		{D09768F6-3862-0A5B-8BB9-DE41EC1B8653}.Release|Any CPU.ActiveCfg = Release|Any CPU
		{D09768F6-3862-0A5B-8BB9-DE41EC1B8653}.Release|Any CPU.Build.0 = Release|Any CPU
	EndGlobalSection
	GlobalSection(SolutionProperties) = preSolution
		HideSolutionNode = FALSE
	EndGlobalSection
	GlobalSection(ExtensibilityGlobals) = postSolution
		SolutionGuid = {CC22093D-38FF-449E-8A25-CE82A66CBB24}
	EndGlobalSection
EndGlobal
